
Microsoft Visual Studio Solution File, Format Version 12.00
# Visual Studio Version 17
VisualStudioVersion = 17.5.33516.290
MinimumVisualStudioVersion = 10.0.40219.1
Project("{FAE04EC0-301F-11D3-BF4B-00C04F79EFBC}") = "BulkyBookWeb", "BulkyBookWeb\BulkyBookWeb.csproj", "{98451B0D-8C4E-4B36-9880-1FC1B8B5A15C}"
EndProject
Global
	GlobalSection(SolutionConfigurationPlatforms) = preSolution
		Debug|Any CPU = Debug|Any CPU
		Release|Any CPU = Release|Any CPU
	EndGlobalSection
	GlobalSection(ProjectConfigurationPlatforms) = postSolution
		{98451B0D-8C4E-4B36-9880-1FC1B8B5A15C}.Debug|Any CPU.ActiveCfg = Debug|Any CPU
		{98451B0D-8C4E-4B36-9880-1FC1B8B5A15C}.Debug|Any CPU.Build.0 = Debug|Any CPU
		{98451B0D-8C4E-4B36-9880-1FC1B8B5A15C}.Release|Any CPU.ActiveCfg = Release|Any CPU
		{98451B0D-8C4E-4B36-9880-1FC1B8B5A15C}.Release|Any CPU.Build.0 = Release|Any CPU
	EndGlobalSection
	GlobalSection(SolutionProperties) = preSolution
		HideSolutionNode = FALSE
	EndGlobalSection
	GlobalSection(ExtensibilityGlobals) = postSolution
		SolutionGuid = {32F0E89A-0ABA-4E79-952B-931B9947A0C5}
	EndGlobalSection
EndGlobal
